
Microsoft Visual Studio Solution File, Format Version 12.00
# Visual Studio 15
VisualStudioVersion = 15.0.28307.489
MinimumVisualStudioVersion = 10.0.40219.1
Project("{FAE04EC0-301F-11D3-BF4B-00C04F79EFBC}") = "ETicaret", "ETicaret\ETicaret.csproj", "{EF9BD7A6-F0C8-4232-B35C-F83EE2126E1C}"
EndProject
Project("{FAE04EC0-301F-11D3-BF4B-00C04F79EFBC}") = "DAL", "DAL\DAL.csproj", "{3A4F1F06-E048-4E46-97CB-604231F26BFC}"
EndProject
Project("{FAE04EC0-301F-11D3-BF4B-00C04F79EFBC}") = "Service", "Service\Service.csproj", "{B0FEF9F2-ADFE-4DA7-BD2A-33A8F1BEE248}"
EndProject
Global
	GlobalSection(SolutionConfigurationPlatforms) = preSolution
		Debug|Any CPU = Debug|Any CPU
		Release|Any CPU = Release|Any CPU
	EndGlobalSection
	GlobalSection(ProjectConfigurationPlatforms) = postSolution
		{EF9BD7A6-F0C8-4232-B35C-F83EE2126E1C}.Debug|Any CPU.ActiveCfg = Debug|Any CPU
		{EF9BD7A6-F0C8-4232-B35C-F83EE2126E1C}.Debug|Any CPU.Build.0 = Debug|Any CPU
		{EF9BD7A6-F0C8-4232-B35C-F83EE2126E1C}.Release|Any CPU.ActiveCfg = Release|Any CPU
		{EF9BD7A6-F0C8-4232-B35C-F83EE2126E1C}.Release|Any CPU.Build.0 = Release|Any CPU
		{3A4F1F06-E048-4E46-97CB-604231F26BFC}.Debug|Any CPU.ActiveCfg = Debug|Any CPU
		{3A4F1F06-E048-4E46-97CB-604231F26BFC}.Debug|Any CPU.Build.0 = Debug|Any CPU
		{3A4F1F06-E048-4E46-97CB-604231F26BFC}.Release|Any CPU.ActiveCfg = Release|Any CPU
		{3A4F1F06-E048-4E46-97CB-604231F26BFC}.Release|Any CPU.Build.0 = Release|Any CPU
		{B0FEF9F2-ADFE-4DA7-BD2A-33A8F1BEE248}.Debug|Any CPU.ActiveCfg = Debug|Any CPU
		{B0FEF9F2-ADFE-4DA7-BD2A-33A8F1BEE248}.Debug|Any CPU.Build.0 = Debug|Any CPU
		{B0FEF9F2-ADFE-4DA7-BD2A-33A8F1BEE248}.Release|Any CPU.ActiveCfg = Release|Any CPU
		{B0FEF9F2-ADFE-4DA7-BD2A-33A8F1BEE248}.Release|Any CPU.Build.0 = Release|Any CPU
	EndGlobalSection
	GlobalSection(SolutionProperties) = preSolution
		HideSolutionNode = FALSE
	EndGlobalSection
	GlobalSection(ExtensibilityGlobals) = postSolution
		SolutionGuid = {E4C6697A-3BD5-48E4-820D-2284417C9F83}
	EndGlobalSection
EndGlobal
